
Microsoft Visual Studio Solution File, Format Version 12.00
# Visual Studio 15
VisualStudioVersion = 15.0.27130.2010
MinimumVisualStudioVersion = 10.0.40219.1
Project("{FAE04EC0-301F-11D3-BF4B-00C04F79EFBC}") = "akwebapi_noauthimcs", "akwebapi_noauthimcs\akwebapi_noauthimcs.csproj", "{6BB66588-D77A-4689-B090-C7224B2843B2}"
EndProject
Global
	GlobalSection(SolutionConfigurationPlatforms) = preSolution
		Debug|Any CPU = Debug|Any CPU
		Release|Any CPU = Release|Any CPU
	EndGlobalSection
	GlobalSection(ProjectConfigurationPlatforms) = postSolution
		{6BB66588-D77A-4689-B090-C7224B2843B2}.Debug|Any CPU.ActiveCfg = Debug|Any CPU
		{6BB66588-D77A-4689-B090-C7224B2843B2}.Debug|Any CPU.Build.0 = Debug|Any CPU
		{6BB66588-D77A-4689-B090-C7224B2843B2}.Release|Any CPU.ActiveCfg = Release|Any CPU
		{6BB66588-D77A-4689-B090-C7224B2843B2}.Release|Any CPU.Build.0 = Release|Any CPU
	EndGlobalSection
	GlobalSection(SolutionProperties) = preSolution
		HideSolutionNode = FALSE
	EndGlobalSection
	GlobalSection(ExtensibilityGlobals) = postSolution
		SolutionGuid = {4130A525-9C33-4453-901C-B686D3A8AD0D}
	EndGlobalSection
EndGlobal
