
Microsoft Visual Studio Solution File, Format Version 12.00
# Visual Studio 15
VisualStudioVersion = 15.0.27130.2010
MinimumVisualStudioVersion = 10.0.40219.1
Project("{FAE04EC0-301F-11D3-BF4B-00C04F79EFBC}") = "MyWebServices", "MyWebServices\MyWebServices.csproj", "{EEEC2636-9C92-4AFE-A977-B9322CE028BD}"
EndProject
Project("{FAE04EC0-301F-11D3-BF4B-00C04F79EFBC}") = "CalculatorWebApplication", "CalculatorWebApplication\CalculatorWebApplication.csproj", "{6AA95C02-B139-4DE6-A6ED-AC07B697E674}"
	ProjectSection(ProjectDependencies) = postProject
		{EEEC2636-9C92-4AFE-A977-B9322CE028BD} = {EEEC2636-9C92-4AFE-A977-B9322CE028BD}
	EndProjectSection
EndProject
Project("{FAE04EC0-301F-11D3-BF4B-00C04F79EFBC}") = "StudentApplication", "StudentApplication\StudentApplication.csproj", "{FFCD7452-787E-4E17-94DE-FDB44DA1D3C4}"
EndProject
Global
	GlobalSection(SolutionConfigurationPlatforms) = preSolution
		Debug|Any CPU = Debug|Any CPU
		Release|Any CPU = Release|Any CPU
	EndGlobalSection
	GlobalSection(ProjectConfigurationPlatforms) = postSolution
		{EEEC2636-9C92-4AFE-A977-B9322CE028BD}.Debug|Any CPU.ActiveCfg = Debug|Any CPU
		{EEEC2636-9C92-4AFE-A977-B9322CE028BD}.Debug|Any CPU.Build.0 = Debug|Any CPU
		{EEEC2636-9C92-4AFE-A977-B9322CE028BD}.Release|Any CPU.ActiveCfg = Release|Any CPU
		{EEEC2636-9C92-4AFE-A977-B9322CE028BD}.Release|Any CPU.Build.0 = Release|Any CPU
		{6AA95C02-B139-4DE6-A6ED-AC07B697E674}.Debug|Any CPU.ActiveCfg = Debug|Any CPU
		{6AA95C02-B139-4DE6-A6ED-AC07B697E674}.Debug|Any CPU.Build.0 = Debug|Any CPU
		{6AA95C02-B139-4DE6-A6ED-AC07B697E674}.Release|Any CPU.ActiveCfg = Release|Any CPU
		{6AA95C02-B139-4DE6-A6ED-AC07B697E674}.Release|Any CPU.Build.0 = Release|Any CPU
		{FFCD7452-787E-4E17-94DE-FDB44DA1D3C4}.Debug|Any CPU.ActiveCfg = Debug|Any CPU
		{FFCD7452-787E-4E17-94DE-FDB44DA1D3C4}.Debug|Any CPU.Build.0 = Debug|Any CPU
		{FFCD7452-787E-4E17-94DE-FDB44DA1D3C4}.Release|Any CPU.ActiveCfg = Release|Any CPU
		{FFCD7452-787E-4E17-94DE-FDB44DA1D3C4}.Release|Any CPU.Build.0 = Release|Any CPU
	EndGlobalSection
	GlobalSection(SolutionProperties) = preSolution
		HideSolutionNode = FALSE
	EndGlobalSection
	GlobalSection(ExtensibilityGlobals) = postSolution
		SolutionGuid = {D20F242A-C70D-4522-AB84-5F097FA37460}
	EndGlobalSection
EndGlobal
