
Microsoft Visual Studio Solution File, Format Version 12.00
# Visual Studio 15
VisualStudioVersion = 15.0.27130.2010
MinimumVisualStudioVersion = 10.0.40219.1
Project("{FAE04EC0-301F-11D3-BF4B-00C04F79EFBC}") = "IHelloRemotingService", "IHelloRemotingService\IHelloRemotingService.csproj", "{7FC8D799-433F-4398-B601-A03978297CD4}"
EndProject
Project("{FAE04EC0-301F-11D3-BF4B-00C04F79EFBC}") = "HelloRemotingService", "HelloRemotingService\HelloRemotingService.csproj", "{30E09C01-A432-430A-B264-150AB2F1F6DF}"
EndProject
Project("{FAE04EC0-301F-11D3-BF4B-00C04F79EFBC}") = "RemotingServiceHost", "RemotingServiceHost\RemotingServiceHost.csproj", "{3776848C-8229-4817-B43C-DA79596CA681}"
EndProject
Project("{FAE04EC0-301F-11D3-BF4B-00C04F79EFBC}") = "HelloRemotingServiceClient", "HelloRemotingServiceClient\HelloRemotingServiceClient.csproj", "{5BE41811-A331-40A1-80A2-2F2AE4E823A8}"
EndProject
Global
	GlobalSection(SolutionConfigurationPlatforms) = preSolution
		Debug|Any CPU = Debug|Any CPU
		Release|Any CPU = Release|Any CPU
	EndGlobalSection
	GlobalSection(ProjectConfigurationPlatforms) = postSolution
		{7FC8D799-433F-4398-B601-A03978297CD4}.Debug|Any CPU.ActiveCfg = Debug|Any CPU
		{7FC8D799-433F-4398-B601-A03978297CD4}.Debug|Any CPU.Build.0 = Debug|Any CPU
		{7FC8D799-433F-4398-B601-A03978297CD4}.Release|Any CPU.ActiveCfg = Release|Any CPU
		{7FC8D799-433F-4398-B601-A03978297CD4}.Release|Any CPU.Build.0 = Release|Any CPU
		{30E09C01-A432-430A-B264-150AB2F1F6DF}.Debug|Any CPU.ActiveCfg = Debug|Any CPU
		{30E09C01-A432-430A-B264-150AB2F1F6DF}.Debug|Any CPU.Build.0 = Debug|Any CPU
		{30E09C01-A432-430A-B264-150AB2F1F6DF}.Release|Any CPU.ActiveCfg = Release|Any CPU
		{30E09C01-A432-430A-B264-150AB2F1F6DF}.Release|Any CPU.Build.0 = Release|Any CPU
		{3776848C-8229-4817-B43C-DA79596CA681}.Debug|Any CPU.ActiveCfg = Debug|Any CPU
		{3776848C-8229-4817-B43C-DA79596CA681}.Debug|Any CPU.Build.0 = Debug|Any CPU
		{3776848C-8229-4817-B43C-DA79596CA681}.Release|Any CPU.ActiveCfg = Release|Any CPU
		{3776848C-8229-4817-B43C-DA79596CA681}.Release|Any CPU.Build.0 = Release|Any CPU
		{5BE41811-A331-40A1-80A2-2F2AE4E823A8}.Debug|Any CPU.ActiveCfg = Debug|Any CPU
		{5BE41811-A331-40A1-80A2-2F2AE4E823A8}.Debug|Any CPU.Build.0 = Debug|Any CPU
		{5BE41811-A331-40A1-80A2-2F2AE4E823A8}.Release|Any CPU.ActiveCfg = Release|Any CPU
		{5BE41811-A331-40A1-80A2-2F2AE4E823A8}.Release|Any CPU.Build.0 = Release|Any CPU
	EndGlobalSection
	GlobalSection(SolutionProperties) = preSolution
		HideSolutionNode = FALSE
	EndGlobalSection
	GlobalSection(ExtensibilityGlobals) = postSolution
		SolutionGuid = {C9D6937B-1DEB-49D3-95D9-13D03AED7C91}
	EndGlobalSection
EndGlobal
